<?xml version="1.0" encoding="utf-8"?>
<Project ToolsVersion="15.0" xmlns="http://schemas.microsoft.com/developer/msbuild/2003">
  <ItemGroup>
    <ClCompile Include="C:\Users\kuznetsov.n.s\Desktop\project\main\main.cpp">
      <Filter>Source Files</Filter>
    </ClCompile>
  </ItemGroup>
  <ItemGroup>
    <CustomBuild Include="C:\Users\kuznetsov.n.s\Desktop\project\main\CMakeLists.txt" />
  </ItemGroup>
  <ItemGroup>
    <Filter Include="Source Files">
      <UniqueIdentifier>{E5F81EF4-0D39-3073-A09E-30FF8095E5DD}</UniqueIdentifier>
    </Filter>
  </ItemGroup>
</Project>
